
Microsoft Visual Studio Solution File, Format Version 12.00
# Visual Studio Version 17
VisualStudioVersion = 17.12.35514.174 d17.12
MinimumVisualStudioVersion = 10.0.40219.1
Project("{FAE04EC0-301F-11D3-BF4B-00C04F79EFBC}") = "miPrimerProyecto", "miPrimerProyecto\miPrimerProyecto.csproj", "{0554D9F1-4348-47FB-821C-EDA2C9BD93DE}"
EndProject
Project("{FAE04EC0-301F-11D3-BF4B-00C04F79EFBC}") = "WindowsFormsApp1", "WindowsFormsApp1\WindowsFormsApp1.csproj", "{8E4A9732-B610-4F01-86DE-F6C82EAC25A2}"
EndProject
Global
	GlobalSection(SolutionConfigurationPlatforms) = preSolution
		Debug|Any CPU = Debug|Any CPU
		Release|Any CPU = Release|Any CPU
	EndGlobalSection
	GlobalSection(ProjectConfigurationPlatforms) = postSolution
		{0554D9F1-4348-47FB-821C-EDA2C9BD93DE}.Debug|Any CPU.ActiveCfg = Debug|Any CPU
		{0554D9F1-4348-47FB-821C-EDA2C9BD93DE}.Debug|Any CPU.Build.0 = Debug|Any CPU
		{0554D9F1-4348-47FB-821C-EDA2C9BD93DE}.Release|Any CPU.ActiveCfg = Release|Any CPU
		{0554D9F1-4348-47FB-821C-EDA2C9BD93DE}.Release|Any CPU.Build.0 = Release|Any CPU
		{8E4A9732-B610-4F01-86DE-F6C82EAC25A2}.Debug|Any CPU.ActiveCfg = Debug|Any CPU
		{8E4A9732-B610-4F01-86DE-F6C82EAC25A2}.Debug|Any CPU.Build.0 = Debug|Any CPU
		{8E4A9732-B610-4F01-86DE-F6C82EAC25A2}.Release|Any CPU.ActiveCfg = Release|Any CPU
		{8E4A9732-B610-4F01-86DE-F6C82EAC25A2}.Release|Any CPU.Build.0 = Release|Any CPU
	EndGlobalSection
	GlobalSection(SolutionProperties) = preSolution
		HideSolutionNode = FALSE
	EndGlobalSection
EndGlobal
